
Microsoft Visual Studio Solution File, Format Version 12.00
# Visual Studio Version 17
VisualStudioVersion = 17.13.35919.96 d17.13
MinimumVisualStudioVersion = 10.0.40219.1
Project("{FAE04EC0-301F-11D3-BF4B-00C04F79EFBC}") = "lab10_2", "lab10_2.csproj", "{2567BDF3-CAF4-4F66-86EC-C635F2BEEF6C}"
EndProject
Global
	GlobalSection(SolutionConfigurationPlatforms) = preSolution
		Debug|Any CPU = Debug|Any CPU
		Release|Any CPU = Release|Any CPU
	EndGlobalSection
	GlobalSection(ProjectConfigurationPlatforms) = postSolution
		{2567BDF3-CAF4-4F66-86EC-C635F2BEEF6C}.Debug|Any CPU.ActiveCfg = Debug|Any CPU
		{2567BDF3-CAF4-4F66-86EC-C635F2BEEF6C}.Debug|Any CPU.Build.0 = Debug|Any CPU
		{2567BDF3-CAF4-4F66-86EC-C635F2BEEF6C}.Release|Any CPU.ActiveCfg = Release|Any CPU
		{2567BDF3-CAF4-4F66-86EC-C635F2BEEF6C}.Release|Any CPU.Build.0 = Release|Any CPU
	EndGlobalSection
	GlobalSection(SolutionProperties) = preSolution
		HideSolutionNode = FALSE
	EndGlobalSection
	GlobalSection(ExtensibilityGlobals) = postSolution
		SolutionGuid = {729D2F09-20BD-4015-A256-03F10A5552C4}
	EndGlobalSection
EndGlobal
