
Microsoft Visual Studio Solution File, Format Version 12.00
# Visual Studio Version 17
VisualStudioVersion = 17.13.35919.96 d17.13
MinimumVisualStudioVersion = 10.0.40219.1
Project("{FAE04EC0-301F-11D3-BF4B-00C04F79EFBC}") = "lab10_1", "lab10_1.csproj", "{B14D0446-01A3-4AE9-8A3A-D14FA3ADE68A}"
EndProject
Global
	GlobalSection(SolutionConfigurationPlatforms) = preSolution
		Debug|Any CPU = Debug|Any CPU
		Release|Any CPU = Release|Any CPU
	EndGlobalSection
	GlobalSection(ProjectConfigurationPlatforms) = postSolution
		{B14D0446-01A3-4AE9-8A3A-D14FA3ADE68A}.Debug|Any CPU.ActiveCfg = Debug|Any CPU
		{B14D0446-01A3-4AE9-8A3A-D14FA3ADE68A}.Debug|Any CPU.Build.0 = Debug|Any CPU
		{B14D0446-01A3-4AE9-8A3A-D14FA3ADE68A}.Release|Any CPU.ActiveCfg = Release|Any CPU
		{B14D0446-01A3-4AE9-8A3A-D14FA3ADE68A}.Release|Any CPU.Build.0 = Release|Any CPU
	EndGlobalSection
	GlobalSection(SolutionProperties) = preSolution
		HideSolutionNode = FALSE
	EndGlobalSection
	GlobalSection(ExtensibilityGlobals) = postSolution
		SolutionGuid = {522342A2-23B4-4CF1-82F7-D41258A4F723}
	EndGlobalSection
EndGlobal
